// !$*UTF8*$!
{
	archiveVersion = 1;
	classes = {
	};
	objectVersion = 48;
	objects = {

/* Begin PBXBuildFile section */
		58DC5900201BD18C00D2F6D7 /* AppDelegate.swift in Sources */ = {isa = PBXBuildFile; fileRef = 58DC58FF201BD18C00D2F6D7 /* AppDelegate.swift */; };
		58DC5902201BD18C00D2F6D7 /* ViewController.swift in Sources */ = {isa = PBXBuildFile; fileRef = 58DC5901201BD18C00D2F6D7 /* ViewController.swift */; };
		58DC5905201BD18C00D2F6D7 /* Main.storyboard in Resources */ = {isa = PBXBuildFile; fileRef = 58DC5903201BD18C00D2F6D7 /* Main.storyboard */; };
		58DC5907201BD18C00D2F6D7 /* Assets.xcassets in Resources */ = {isa = PBXBuildFile; fileRef = 58DC5906201BD18C00D2F6D7 /* Assets.xcassets */; };
		58DC590A201BD18C00D2F6D7 /* LaunchScreen.storyboard in Resources */ = {isa = PBXBuildFile; fileRef = 58DC5908201BD18C00D2F6D7 /* LaunchScreen.storyboard */; };
		58DC5915201BD18C00D2F6D7 /* VSACiOS2Tests.swift in Sources */ = {isa = PBXBuildFile; fileRef = 58DC5914201BD18C00D2F6D7 /* VSACiOS2Tests.swift */; };
		58DC5920201BD18C00D2F6D7 /* VSACiOS2UITests.swift in Sources */ = {isa = PBXBuildFile; fileRef = 58DC591F201BD18C00D2F6D7 /* VSACiOS2UITests.swift */; };
		58DC592E201BDB5700D2F6D7 /* .gitignore in Resources */ = {isa = PBXBuildFile; fileRef = 58DC592D201BDB5600D2F6D7 /* .gitignore */; };
		58DC5930201BDB7F00D2F6D7 /* README.md in Resources */ = {isa = PBXBuildFile; fileRef = 58DC592F201BDB7F00D2F6D7 /* README.md */; };
		68FB69E93DC4437F589AE31B /* Pods_VSACiOS2.framework in Frameworks */ = {isa = PBXBuildFile; fileRef = CC584B7B1047D17594EA5A93 /* Pods_VSACiOS2.framework */; };
		7D6C666CC698AB4DDBDB3B88 /* Pods_VSACiOS2UITests.framework in Frameworks */ = {isa = PBXBuildFile; fileRef = 54529D2B973620E0242F0920 /* Pods_VSACiOS2UITests.framework */; };
		9EC53802E50BFB01EF142F55 /* Pods_VSACiOS2Tests.framework in Frameworks */ = {isa = PBXBuildFile; fileRef = 6F4FF28AD7E3FF9BCCBCED3A /* Pods_VSACiOS2Tests.framework */; };
/* End PBXBuildFile section */

/* Begin PBXContainerItemProxy section */
		58DC5911201BD18C00D2F6D7 /* PBXContainerItemProxy */ = {
			isa = PBXContainerItemProxy;
			containerPortal = 58DC58F4201BD18C00D2F6D7 /* Project object */;
			proxyType = 1;
			remoteGlobalIDString = 58DC58FB201BD18C00D2F6D7;
			remoteInfo = VSACiOS2;
		};
		58DC591C201BD18C00D2F6D7 /* PBXContainerItemProxy */ = {
			isa = PBXContainerItemProxy;
			containerPortal = 58DC58F4201BD18C00D2F6D7 /* Project object */;
			proxyType = 1;
			remoteGlobalIDString = 58DC58FB201BD18C00D2F6D7;
			remoteInfo = VSACiOS2;
		};
/* End PBXContainerItemProxy section */

/* Begin PBXFileReference section */
		3C3DA658A45B112A0071DE5F /* Pods-VSACiOS2Tests.debug.xcconfig */ = {isa = PBXFileReference; includeInIndex = 1; lastKnownFileType = text.xcconfig; name = "Pods-VSACiOS2Tests.debug.xcconfig"; path = "Pods/Target Support Files/Pods-VSACiOS2Tests/Pods-VSACiOS2Tests.debug.xcconfig"; sourceTree = "<group>"; };
		54529D2B973620E0242F0920 /* Pods_VSACiOS2UITests.framework */ = {isa = PBXFileReference; explicitFileType = wrapper.framework; includeInIndex = 0; path = Pods_VSACiOS2UITests.framework; sourceTree = BUILT_PRODUCTS_DIR; };
		58DC58FC201BD18C00D2F6D7 /* VSACiOS2.app */ = {isa = PBXFileReference; explicitFileType = wrapper.application; includeInIndex = 0; path = VSACiOS2.app; sourceTree = BUILT_PRODUCTS_DIR; };
		58DC58FF201BD18C00D2F6D7 /* AppDelegate.swift */ = {isa = PBXFileReference; lastKnownFileType = sourcecode.swift; path = AppDelegate.swift; sourceTree = "<group>"; };
		58DC5901201BD18C00D2F6D7 /* ViewController.swift */ = {isa = PBXFileReference; lastKnownFileType = sourcecode.swift; path = ViewController.swift; sourceTree = "<group>"; };
		58DC5904201BD18C00D2F6D7 /* Base */ = {isa = PBXFileReference; lastKnownFileType = file.storyboard; name = Base; path = Base.lproj/Main.storyboard; sourceTree = "<group>"; };
		58DC5906201BD18C00D2F6D7 /* Assets.xcassets */ = {isa = PBXFileReference; lastKnownFileType = folder.assetcatalog; path = Assets.xcassets; sourceTree = "<group>"; };
		58DC5909201BD18C00D2F6D7 /* Base */ = {isa = PBXFileReference; lastKnownFileType = file.storyboard; name = Base; path = Base.lproj/LaunchScreen.storyboard; sourceTree = "<group>"; };
		58DC590B201BD18C00D2F6D7 /* Info.plist */ = {isa = PBXFileReference; lastKnownFileType = text.plist.xml; path = Info.plist; sourceTree = "<group>"; };
		58DC5910201BD18C00D2F6D7 /* VSACiOS2Tests.xctest */ = {isa = PBXFileReference; explicitFileType = wrapper.cfbundle; includeInIndex = 0; path = VSACiOS2Tests.xctest; sourceTree = BUILT_PRODUCTS_DIR; };
		58DC5914201BD18C00D2F6D7 /* VSACiOS2Tests.swift */ = {isa = PBXFileReference; lastKnownFileType = sourcecode.swift; path = VSACiOS2Tests.swift; sourceTree = "<group>"; };
		58DC5916201BD18C00D2F6D7 /* Info.plist */ = {isa = PBXFileReference; lastKnownFileType = text.plist.xml; path = Info.plist; sourceTree = "<group>"; };
		58DC591B201BD18C00D2F6D7 /* VSACiOS2UITests.xctest */ = {isa = PBXFileReference; explicitFileType = wrapper.cfbundle; includeInIndex = 0; path = VSACiOS2UITests.xctest; sourceTree = BUILT_PRODUCTS_DIR; };
		58DC591F201BD18C00D2F6D7 /* VSACiOS2UITests.swift */ = {isa = PBXFileReference; lastKnownFileType = sourcecode.swift; path = VSACiOS2UITests.swift; sourceTree = "<group>"; };
		58DC5921201BD18C00D2F6D7 /* Info.plist */ = {isa = PBXFileReference; lastKnownFileType = text.plist.xml; path = Info.plist; sourceTree = "<group>"; };
		58DC592D201BDB5600D2F6D7 /* .gitignore */ = {isa = PBXFileReference; fileEncoding = 4; lastKnownFileType = text; path = .gitignore; sourceTree = "<group>"; };
		58DC592F201BDB7F00D2F6D7 /* README.md */ = {isa = PBXFileReference; fileEncoding = 4; lastKnownFileType = net.daringfireball.markdown; path = README.md; sourceTree = "<group>"; };
		6F4FF28AD7E3FF9BCCBCED3A /* Pods_VSACiOS2Tests.framework */ = {isa = PBXFileReference; explicitFileType = wrapper.framework; includeInIndex = 0; path = Pods_VSACiOS2Tests.framework; sourceTree = BUILT_PRODUCTS_DIR; };
		93D7148BDF78A009E4E08F36 /* Pods-VSACiOS2.debug.xcconfig */ = {isa = PBXFileReference; includeInIndex = 1; lastKnownFileType = text.xcconfig; name = "Pods-VSACiOS2.debug.xcconfig"; path = "Pods/Target Support Files/Pods-VSACiOS2/Pods-VSACiOS2.debug.xcconfig"; sourceTree = "<group>"; };
		9C34E4CD199E0F7FF1047B42 /* Pods-VSACiOS2.release.xcconfig */ = {isa = PBXFileReference; includeInIndex = 1; lastKnownFileType = text.xcconfig; name = "Pods-VSACiOS2.release.xcconfig"; path = "Pods/Target Support Files/Pods-VSACiOS2/Pods-VSACiOS2.release.xcconfig"; sourceTree = "<group>"; };
		CC584B7B1047D17594EA5A93 /* Pods_VSACiOS2.framework */ = {isa = PBXFileReference; explicitFileType = wrapper.framework; includeInIndex = 0; path = Pods_VSACiOS2.framework; sourceTree = BUILT_PRODUCTS_DIR; };
		DC022AA0C5B0C387E95F5118 /* Pods-VSACiOS2UITests.debug.xcconfig */ = {isa = PBXFileReference; includeInIndex = 1; lastKnownFileType = text.xcconfig; name = "Pods-VSACiOS2UITests.debug.xcconfig"; path = "Pods/Target Support Files/Pods-VSACiOS2UITests/Pods-VSACiOS2UITests.debug.xcconfig"; sourceTree = "<group>"; };
		E4B8BED21F02264073E7E6A7 /* Pods-VSACiOS2Tests.release.xcconfig */ = {isa = PBXFileReference; includeInIndex = 1; lastKnownFileType = text.xcconfig; name = "Pods-VSACiOS2Tests.release.xcconfig"; path = "Pods/Target Support Files/Pods-VSACiOS2Tests/Pods-VSACiOS2Tests.release.xcconfig"; sourceTree = "<group>"; };
		FB8F84967BE28274FB29F0B2 /* Pods-VSACiOS2UITests.release.xcconfig */ = {isa = PBXFileReference; includeInIndex = 1; lastKnownFileType = text.xcconfig; name = "Pods-VSACiOS2UITests.release.xcconfig"; path = "Pods/Target Support Files/Pods-VSACiOS2UITests/Pods-VSACiOS2UITests.release.xcconfig"; sourceTree = "<group>"; };
/* End PBXFileReference section */

/* Begin PBXFrameworksBuildPhase section */
		58DC58F9201BD18C00D2F6D7 /* Frameworks */ = {
			isa = PBXFrameworksBuildPhase;
			buildActionMask = 2147483647;
			files = (
				68FB69E93DC4437F589AE31B /* Pods_VSACiOS2.framework in Frameworks */,
			);
			runOnlyForDeploymentPostprocessing = 0;
		};
		58DC590D201BD18C00D2F6D7 /* Frameworks */ = {
			isa = PBXFrameworksBuildPhase;
			buildActionMask = 2147483647;
			files = (
				9EC53802E50BFB01EF142F55 /* Pods_VSACiOS2Tests.framework in Frameworks */,
			);
			runOnlyForDeploymentPostprocessing = 0;
		};
		58DC5918201BD18C00D2F6D7 /* Frameworks */ = {
			isa = PBXFrameworksBuildPhase;
			buildActionMask = 2147483647;
			files = (
				7D6C666CC698AB4DDBDB3B88 /* Pods_VSACiOS2UITests.framework in Frameworks */,
			);
			runOnlyForDeploymentPostprocessing = 0;
		};
/* End PBXFrameworksBuildPhase section */

/* Begin PBXGroup section */
		344997F27A586E58605CA77D /* Frameworks */ = {
			isa = PBXGroup;
			children = (
				CC584B7B1047D17594EA5A93 /* Pods_VSACiOS2.framework */,
				6F4FF28AD7E3FF9BCCBCED3A /* Pods_VSACiOS2Tests.framework */,
				54529D2B973620E0242F0920 /* Pods_VSACiOS2UITests.framework */,
			);
			name = Frameworks;
			sourceTree = "<group>";
		};
		52AAE88A9106BD2787918070 /* Pods */ = {
			isa = PBXGroup;
			children = (
				93D7148BDF78A009E4E08F36 /* Pods-VSACiOS2.debug.xcconfig */,
				9C34E4CD199E0F7FF1047B42 /* Pods-VSACiOS2.release.xcconfig */,
				3C3DA658A45B112A0071DE5F /* Pods-VSACiOS2Tests.debug.xcconfig */,
				E4B8BED21F02264073E7E6A7 /* Pods-VSACiOS2Tests.release.xcconfig */,
				DC022AA0C5B0C387E95F5118 /* Pods-VSACiOS2UITests.debug.xcconfig */,
				FB8F84967BE28274FB29F0B2 /* Pods-VSACiOS2UITests.release.xcconfig */,
			);
			name = Pods;
			sourceTree = "<group>";
		};
		58DC58F3201BD18C00D2F6D7 = {
			isa = PBXGroup;
			children = (
				58DC592D201BDB5600D2F6D7 /* .gitignore */,
				58DC592F201BDB7F00D2F6D7 /* README.md */,
				58DC58FE201BD18C00D2F6D7 /* VSACiOS2 */,
				58DC5913201BD18C00D2F6D7 /* VSACiOS2Tests */,
				58DC591E201BD18C00D2F6D7 /* VSACiOS2UITests */,
				58DC58FD201BD18C00D2F6D7 /* Products */,
				52AAE88A9106BD2787918070 /* Pods */,
				344997F27A586E58605CA77D /* Frameworks */,
			);
			sourceTree = "<group>";
		};
		58DC58FD201BD18C00D2F6D7 /* Products */ = {
			isa = PBXGroup;
			children = (
				58DC58FC201BD18C00D2F6D7 /* VSACiOS2.app */,
				58DC5910201BD18C00D2F6D7 /* VSACiOS2Tests.xctest */,
				58DC591B201BD18C00D2F6D7 /* VSACiOS2UITests.xctest */,
			);
			name = Products;
			sourceTree = "<group>";
		};
		58DC58FE201BD18C00D2F6D7 /* VSACiOS2 */ = {
			isa = PBXGroup;
			children = (
				58DC58FF201BD18C00D2F6D7 /* AppDelegate.swift */,
				58DC5901201BD18C00D2F6D7 /* ViewController.swift */,
				58DC5903201BD18C00D2F6D7 /* Main.storyboard */,
				58DC5906201BD18C00D2F6D7 /* Assets.xcassets */,
				58DC5908201BD18C00D2F6D7 /* LaunchScreen.storyboard */,
				58DC590B201BD18C00D2F6D7 /* Info.plist */,
			);
			path = VSACiOS2;
			sourceTree = "<group>";
		};
		58DC5913201BD18C00D2F6D7 /* VSACiOS2Tests */ = {
			isa = PBXGroup;
			children = (
				58DC5914201BD18C00D2F6D7 /* VSACiOS2Tests.swift */,
				58DC5916201BD18C00D2F6D7 /* Info.plist */,
			);
			path = VSACiOS2Tests;
			sourceTree = "<group>";
		};
		58DC591E201BD18C00D2F6D7 /* VSACiOS2UITests */ = {
			isa = PBXGroup;
			children = (
				58DC591F201BD18C00D2F6D7 /* VSACiOS2UITests.swift */,
				58DC5921201BD18C00D2F6D7 /* Info.plist */,
			);
			path = VSACiOS2UITests;
			sourceTree = "<group>";
		};
/* End PBXGroup section */

/* Begin PBXNativeTarget section */
		58DC58FB201BD18C00D2F6D7 /* VSACiOS2 */ = {
			isa = PBXNativeTarget;
			buildConfigurationList = 58DC5924201BD18C00D2F6D7 /* Build configuration list for PBXNativeTarget "VSACiOS2" */;
			buildPhases = (
				7B9A866148A21CBF43E355AE /* [CP] Check Pods Manifest.lock */,
				58DC58F8201BD18C00D2F6D7 /* Sources */,
				58DC58F9201BD18C00D2F6D7 /* Frameworks */,
				58DC58FA201BD18C00D2F6D7 /* Resources */,
				500328A8071ACAE061152777 /* [CP] Embed Pods Frameworks */,
				282AA7B36E4B7F6A9FD6D310 /* [CP] Copy Pods Resources */,
			);
			buildRules = (
			);
			dependencies = (
			);
			name = VSACiOS2;
			productName = VSACiOS2;
			productReference = 58DC58FC201BD18C00D2F6D7 /* VSACiOS2.app */;
			productType = "com.apple.product-type.application";
		};
		58DC590F201BD18C00D2F6D7 /* VSACiOS2Tests */ = {
			isa = PBXNativeTarget;
			buildConfigurationList = 58DC5927201BD18C00D2F6D7 /* Build configuration list for PBXNativeTarget "VSACiOS2Tests" */;
			buildPhases = (
				82D1BADE77DA6681CDB00975 /* [CP] Check Pods Manifest.lock */,
				58DC590C201BD18C00D2F6D7 /* Sources */,
				58DC590D201BD18C00D2F6D7 /* Frameworks */,
				58DC590E201BD18C00D2F6D7 /* Resources */,
				F3A829BA99051D056E4B6627 /* [CP] Embed Pods Frameworks */,
				F71768AEFFE4118330464411 /* [CP] Copy Pods Resources */,
			);
			buildRules = (
			);
			dependencies = (
				58DC5912201BD18C00D2F6D7 /* PBXTargetDependency */,
			);
			name = VSACiOS2Tests;
			productName = VSACiOS2Tests;
			productReference = 58DC5910201BD18C00D2F6D7 /* VSACiOS2Tests.xctest */;
			productType = "com.apple.product-type.bundle.unit-test";
		};
		58DC591A201BD18C00D2F6D7 /* VSACiOS2UITests */ = {
			isa = PBXNativeTarget;
			buildConfigurationList = 58DC592A201BD18C00D2F6D7 /* Build configuration list for PBXNativeTarget "VSACiOS2UITests" */;
			buildPhases = (
				0EF61E9CB7E57D3C9F3D9EEE /* [CP] Check Pods Manifest.lock */,
				58DC5917201BD18C00D2F6D7 /* Sources */,
				58DC5918201BD18C00D2F6D7 /* Frameworks */,
				58DC5919201BD18C00D2F6D7 /* Resources */,
				F2C0C7CFE56379EE0ED34028 /* [CP] Embed Pods Frameworks */,
				82F93A89138745DE8024E6E8 /* [CP] Copy Pods Resources */,
			);
			buildRules = (
			);
			dependencies = (
				58DC591D201BD18C00D2F6D7 /* PBXTargetDependency */,
			);
			name = VSACiOS2UITests;
			productName = VSACiOS2UITests;
			productReference = 58DC591B201BD18C00D2F6D7 /* VSACiOS2UITests.xctest */;
			productType = "com.apple.product-type.bundle.ui-testing";
		};
/* End PBXNativeTarget section */

/* Begin PBXProject section */
		58DC58F4201BD18C00D2F6D7 /* Project object */ = {
			isa = PBXProject;
			attributes = {
				LastSwiftUpdateCheck = 0920;
				LastUpgradeCheck = 0920;
				ORGANIZATIONNAME = Microsoft;
				TargetAttributes = {
					58DC58FB201BD18C00D2F6D7 = {
						CreatedOnToolsVersion = 9.2;
						ProvisioningStyle = Automatic;
					};
					58DC590F201BD18C00D2F6D7 = {
						CreatedOnToolsVersion = 9.2;
						ProvisioningStyle = Automatic;
						TestTargetID = 58DC58FB201BD18C00D2F6D7;
					};
					58DC591A201BD18C00D2F6D7 = {
						CreatedOnToolsVersion = 9.2;
						ProvisioningStyle = Automatic;
						TestTargetID = 58DC58FB201BD18C00D2F6D7;
					};
				};
			};
			buildConfigurationList = 58DC58F7201BD18C00D2F6D7 /* Build configuration list for PBXProject "VSACiOS2" */;
			compatibilityVersion = "Xcode 8.0";
			developmentRegion = en;
			hasScannedForEncodings = 0;
			knownRegions = (
				en,
				Base,
			);
			mainGroup = 58DC58F3201BD18C00D2F6D7;
			productRefGroup = 58DC58FD201BD18C00D2F6D7 /* Products */;
			projectDirPath = "";
			projectRoot = "";
			targets = (
				58DC58FB201BD18C00D2F6D7 /* VSACiOS2 */,
				58DC590F201BD18C00D2F6D7 /* VSACiOS2Tests */,
				58DC591A201BD18C00D2F6D7 /* VSACiOS2UITests */,
			);
		};
/* End PBXProject section */

/* Begin PBXResourcesBuildPhase section */
		58DC58FA201BD18C00D2F6D7 /* Resources */ = {
			isa = PBXResourcesBuildPhase;
			buildActionMask = 2147483647;
			files = (
				58DC592E201BDB5700D2F6D7 /* .gitignore in Resources */,
				58DC590A201BD18C00D2F6D7 /* LaunchScreen.storyboard in Resources */,
				58DC5930201BDB7F00D2F6D7 /* README.md in Resources */,
				58DC5907201BD18C00D2F6D7 /* Assets.xcassets in Resources */,
				58DC5905201BD18C00D2F6D7 /* Main.storyboard in Resources */,
			);
			runOnlyForDeploymentPostprocessing = 0;
		};
		58DC590E201BD18C00D2F6D7 /* Resources */ = {
			isa = PBXResourcesBuildPhase;
			buildActionMask = 2147483647;
			files = (
			);
			runOnlyForDeploymentPostprocessing = 0;
		};
		58DC5919201BD18C00D2F6D7 /* Resources */ = {
			isa = PBXResourcesBuildPhase;
			buildActionMask = 2147483647;
			files = (
			);
			runOnlyForDeploymentPostprocessing = 0;
		};
/* End PBXResourcesBuildPhase section */

/* Begin PBXShellScriptBuildPhase section */
		0EF61E9CB7E57D3C9F3D9EEE /* [CP] Check Pods Manifest.lock */ = {
			isa = PBXShellScriptBuildPhase;
			buildActionMask = 2147483647;
			files = (
			);
			inputPaths = (
				"${PODS_PODFILE_DIR_PATH}/Podfile.lock",
				"${PODS_ROOT}/Manifest.lock",
			);
			name = "[CP] Check Pods Manifest.lock";
			outputPaths = (
				"$(DERIVED_FILE_DIR)/Pods-VSACiOS2UITests-checkManifestLockResult.txt",
			);
			runOnlyForDeploymentPostprocessing = 0;
			shellPath = /bin/sh;
			shellScript = "diff \"${PODS_PODFILE_DIR_PATH}/Podfile.lock\" \"${PODS_ROOT}/Manifest.lock\" > /dev/null\nif [ $? != 0 ] ; then\n    # print error to STDERR\n    echo \"error: The sandbox is not in sync with the Podfile.lock. Run 'pod install' or update your CocoaPods installation.\" >&2\n    exit 1\nfi\n# This output is used by Xcode 'outputs' to avoid re-running this script phase.\necho \"SUCCESS\" > \"${SCRIPT_OUTPUT_FILE_0}\"\n";
			showEnvVarsInLog = 0;
		};
		282AA7B36E4B7F6A9FD6D310 /* [CP] Copy Pods Resources */ = {
			isa = PBXShellScriptBuildPhase;
			buildActionMask = 2147483647;
			files = (
			);
			inputPaths = (
			);
			name = "[CP] Copy Pods Resources";
			outputPaths = (
			);
			runOnlyForDeploymentPostprocessing = 0;
			shellPath = /bin/sh;
			shellScript = "\"${SRCROOT}/Pods/Target Support Files/Pods-VSACiOS2/Pods-VSACiOS2-resources.sh\"\n";
			showEnvVarsInLog = 0;
		};
		500328A8071ACAE061152777 /* [CP] Embed Pods Frameworks */ = {
			isa = PBXShellScriptBuildPhase;
			buildActionMask = 2147483647;
			files = (
			);
			inputPaths = (
			);
			name = "[CP] Embed Pods Frameworks";
			outputPaths = (
			);
			runOnlyForDeploymentPostprocessing = 0;
			shellPath = /bin/sh;
			shellScript = "\"${SRCROOT}/Pods/Target Support Files/Pods-VSACiOS2/Pods-VSACiOS2-frameworks.sh\"\n";
			showEnvVarsInLog = 0;
		};
		7B9A866148A21CBF43E355AE /* [CP] Check Pods Manifest.lock */ = {
			isa = PBXShellScriptBuildPhase;
			buildActionMask = 2147483647;
			files = (
			);
			inputPaths = (
				"${PODS_PODFILE_DIR_PATH}/Podfile.lock",
				"${PODS_ROOT}/Manifest.lock",
			);
			name = "[CP] Check Pods Manifest.lock";
			outputPaths = (
				"$(DERIVED_FILE_DIR)/Pods-VSACiOS2-checkManifestLockResult.txt",
			);
			runOnlyForDeploymentPostprocessing = 0;
			shellPath = /bin/sh;
			shellScript = "diff \"${PODS_PODFILE_DIR_PATH}/Podfile.lock\" \"${PODS_ROOT}/Manifest.lock\" > /dev/null\nif [ $? != 0 ] ; then\n    # print error to STDERR\n    echo \"error: The sandbox is not in sync with the Podfile.lock. Run 'pod install' or update your CocoaPods installation.\" >&2\n    exit 1\nfi\n# This output is used by Xcode 'outputs' to avoid re-running this script phase.\necho \"SUCCESS\" > \"${SCRIPT_OUTPUT_FILE_0}\"\n";
			showEnvVarsInLog = 0;
		};
		82D1BADE77DA6681CDB00975 /* [CP] Check Pods Manifest.lock */ = {
			isa = PBXShellScriptBuildPhase;
			buildActionMask = 2147483647;
			files = (
			);
			inputPaths = (
				"${PODS_PODFILE_DIR_PATH}/Podfile.lock",
				"${PODS_ROOT}/Manifest.lock",
			);
			name = "[CP] Check Pods Manifest.lock";
			outputPaths = (
				"$(DERIVED_FILE_DIR)/Pods-VSACiOS2Tests-checkManifestLockResult.txt",
			);
			runOnlyForDeploymentPostprocessing = 0;
			shellPath = /bin/sh;
			shellScript = "diff \"${PODS_PODFILE_DIR_PATH}/Podfile.lock\" \"${PODS_ROOT}/Manifest.lock\" > /dev/null\nif [ $? != 0 ] ; then\n    # print error to STDERR\n    echo \"error: The sandbox is not in sync with the Podfile.lock. Run 'pod install' or update your CocoaPods installation.\" >&2\n    exit 1\nfi\n# This output is used by Xcode 'outputs' to avoid re-running this script phase.\necho \"SUCCESS\" > \"${SCRIPT_OUTPUT_FILE_0}\"\n";
			showEnvVarsInLog = 0;
		};
		82F93A89138745DE8024E6E8 /* [CP] Copy Pods Resources */ = {
			isa = PBXShellScriptBuildPhase;
			buildActionMask = 2147483647;
			files = (
			);
			inputPaths = (
			);
			name = "[CP] Copy Pods Resources";
			outputPaths = (
			);
			runOnlyForDeploymentPostprocessing = 0;
			shellPath = /bin/sh;
			shellScript = "\"${SRCROOT}/Pods/Target Support Files/Pods-VSACiOS2UITests/Pods-VSACiOS2UITests-resources.sh\"\n";
			showEnvVarsInLog = 0;
		};
		F2C0C7CFE56379EE0ED34028 /* [CP] Embed Pods Frameworks */ = {
			isa = PBXShellScriptBuildPhase;
			buildActionMask = 2147483647;
			files = (
			);
			inputPaths = (
			);
			name = "[CP] Embed Pods Frameworks";
			outputPaths = (
			);
			runOnlyForDeploymentPostprocessing = 0;
			shellPath = /bin/sh;
			shellScript = "\"${SRCROOT}/Pods/Target Support Files/Pods-VSACiOS2UITests/Pods-VSACiOS2UITests-frameworks.sh\"\n";
			showEnvVarsInLog = 0;
		};
		F3A829BA99051D056E4B6627 /* [CP] Embed Pods Frameworks */ = {
			isa = PBXShellScriptBuildPhase;
			buildActionMask = 2147483647;
			files = (
			);
			inputPaths = (
			);
			name = "[CP] Embed Pods Frameworks";
			outputPaths = (
			);
			runOnlyForDeploymentPostprocessing = 0;
			shellPath = /bin/sh;
			shellScript = "\"${SRCROOT}/Pods/Target Support Files/Pods-VSACiOS2Tests/Pods-VSACiOS2Tests-frameworks.sh\"\n";
			showEnvVarsInLog = 0;
		};
		F71768AEFFE4118330464411 /* [CP] Copy Pods Resources */ = {
			isa = PBXShellScriptBuildPhase;
			buildActionMask = 2147483647;
			files = (
			);
			inputPaths = (
			);
			name = "[CP] Copy Pods Resources";
			outputPaths = (
			);
			runOnlyForDeploymentPostprocessing = 0;
			shellPath = /bin/sh;
			shellScript = "\"${SRCROOT}/Pods/Target Support Files/Pods-VSACiOS2Tests/Pods-VSACiOS2Tests-resources.sh\"\n";
			showEnvVarsInLog = 0;
		};
/* End PBXShellScriptBuildPhase section */

/* Begin PBXSourcesBuildPhase section */
		58DC58F8201BD18C00D2F6D7 /* Sources */ = {
			isa = PBXSourcesBuildPhase;
			buildActionMask = 2147483647;
			files = (
				58DC5902201BD18C00D2F6D7 /* ViewController.swift in Sources */,
				58DC5900201BD18C00D2F6D7 /* AppDelegate.swift in Sources */,
			);
			runOnlyForDeploymentPostprocessing = 0;
		};
		58DC590C201BD18C00D2F6D7 /* Sources */ = {
			isa = PBXSourcesBuildPhase;
			buildActionMask = 2147483647;
			files = (
				58DC5915201BD18C00D2F6D7 /* VSACiOS2Tests.swift in Sources */,
			);
			runOnlyForDeploymentPostprocessing = 0;
		};
		58DC5917201BD18C00D2F6D7 /* Sources */ = {
			isa = PBXSourcesBuildPhase;
			buildActionMask = 2147483647;
			files = (
				58DC5920201BD18C00D2F6D7 /* VSACiOS2UITests.swift in Sources */,
			);
			runOnlyForDeploymentPostprocessing = 0;
		};
/* End PBXSourcesBuildPhase section */

/* Begin PBXTargetDependency section */
		58DC5912201BD18C00D2F6D7 /* PBXTargetDependency */ = {
			isa = PBXTargetDependency;
			target = 58DC58FB201BD18C00D2F6D7 /* VSACiOS2 */;
			targetProxy = 58DC5911201BD18C00D2F6D7 /* PBXContainerItemProxy */;
		};
		58DC591D201BD18C00D2F6D7 /* PBXTargetDependency */ = {
			isa = PBXTargetDependency;
			target = 58DC58FB201BD18C00D2F6D7 /* VSACiOS2 */;
			targetProxy = 58DC591C201BD18C00D2F6D7 /* PBXContainerItemProxy */;
		};
/* End PBXTargetDependency section */

/* Begin PBXVariantGroup section */
		58DC5903201BD18C00D2F6D7 /* Main.storyboard */ = {
			isa = PBXVariantGroup;
			children = (
				58DC5904201BD18C00D2F6D7 /* Base */,
			);
			name = Main.storyboard;
			sourceTree = "<group>";
		};
		58DC5908201BD18C00D2F6D7 /* LaunchScreen.storyboard */ = {
			isa = PBXVariantGroup;
			children = (
				58DC5909201BD18C00D2F6D7 /* Base */,
			);
			name = LaunchScreen.storyboard;
			sourceTree = "<group>";
		};
/* End PBXVariantGroup section */

/* Begin XCBuildConfiguration section */
		58DC5922201BD18C00D2F6D7 /* Debug */ = {
			isa = XCBuildConfiguration;
			buildSettings = {
				ALWAYS_SEARCH_USER_PATHS = NO;
				CLANG_ANALYZER_NONNULL = YES;
				CLANG_ANALYZER_NUMBER_OBJECT_CONVERSION = YES_AGGRESSIVE;
				CLANG_CXX_LANGUAGE_STANDARD = "gnu++14";
				CLANG_CXX_LIBRARY = "libc++";
				CLANG_ENABLE_MODULES = YES;
				CLANG_ENABLE_OBJC_ARC = YES;
				CLANG_WARN_BLOCK_CAPTURE_AUTORELEASING = YES;
				CLANG_WARN_BOOL_CONVERSION = YES;
				CLANG_WARN_COMMA = YES;
				CLANG_WARN_CONSTANT_CONVERSION = YES;
				CLANG_WARN_DIRECT_OBJC_ISA_USAGE = YES_ERROR;
				CLANG_WARN_DOCUMENTATION_COMMENTS = YES;
				CLANG_WARN_EMPTY_BODY = YES;
				CLANG_WARN_ENUM_CONVERSION = YES;
				CLANG_WARN_INFINITE_RECURSION = YES;
				CLANG_WARN_INT_CONVERSION = YES;
				CLANG_WARN_NON_LITERAL_NULL_CONVERSION = YES;
				CLANG_WARN_OBJC_LITERAL_CONVERSION = YES;
				CLANG_WARN_OBJC_ROOT_CLASS = YES_ERROR;
				CLANG_WARN_RANGE_LOOP_ANALYSIS = YES;
				CLANG_WARN_STRICT_PROTOTYPES = YES;
				CLANG_WARN_SUSPICIOUS_MOVE = YES;
				CLANG_WARN_UNGUARDED_AVAILABILITY = YES_AGGRESSIVE;
				CLANG_WARN_UNREACHABLE_CODE = YES;
				CLANG_WARN__DUPLICATE_METHOD_MATCH = YES;
				CODE_SIGN_IDENTITY = "iPhone Developer";
				COPY_PHASE_STRIP = NO;
				DEBUG_INFORMATION_FORMAT = dwarf;
				ENABLE_STRICT_OBJC_MSGSEND = YES;
				ENABLE_TESTABILITY = YES;
				GCC_C_LANGUAGE_STANDARD = gnu11;
				GCC_DYNAMIC_NO_PIC = NO;
				GCC_NO_COMMON_BLOCKS = YES;
				GCC_OPTIMIZATION_LEVEL = 0;
				GCC_PREPROCESSOR_DEFINITIONS = (
					"DEBUG=1",
					"$(inherited)",
				);
				GCC_WARN_64_TO_32_BIT_CONVERSION = YES;
				GCC_WARN_ABOUT_RETURN_TYPE = YES_ERROR;
				GCC_WARN_UNDECLARED_SELECTOR = YES;
				GCC_WARN_UNINITIALIZED_AUTOS = YES_AGGRESSIVE;
				GCC_WARN_UNUSED_FUNCTION = YES;
				GCC_WARN_UNUSED_VARIABLE = YES;
				IPHONEOS_DEPLOYMENT_TARGET = 11.2;
				MTL_ENABLE_DEBUG_INFO = YES;
				ONLY_ACTIVE_ARCH = YES;
				SDKROOT = iphoneos;
				SWIFT_ACTIVE_COMPILATION_CONDITIONS = DEBUG;
				SWIFT_OPTIMIZATION_LEVEL = "-Onone";
			};
			name = Debug;
		};
		58DC5923201BD18C00D2F6D7 /* Release */ = {
			isa = XCBuildConfiguration;
			buildSettings = {
				ALWAYS_SEARCH_USER_PATHS = NO;
				CLANG_ANALYZER_NONNULL = YES;
				CLANG_ANALYZER_NUMBER_OBJECT_CONVERSION = YES_AGGRESSIVE;
				CLANG_CXX_LANGUAGE_STANDARD = "gnu++14";
				CLANG_CXX_LIBRARY = "libc++";
				CLANG_ENABLE_MODULES = YES;
				CLANG_ENABLE_OBJC_ARC = YES;
				CLANG_WARN_BLOCK_CAPTURE_AUTORELEASING = YES;
				CLANG_WARN_BOOL_CONVERSION = YES;
				CLANG_WARN_COMMA = YES;
				CLANG_WARN_CONSTANT_CONVERSION = YES;
				CLANG_WARN_DIRECT_OBJC_ISA_USAGE = YES_ERROR;
				CLANG_WARN_DOCUMENTATION_COMMENTS = YES;
				CLANG_WARN_EMPTY_BODY = YES;
				CLANG_WARN_ENUM_CONVERSION = YES;
				CLANG_WARN_INFINITE_RECURSION = YES;
				CLANG_WARN_INT_CONVERSION = YES;
				CLANG_WARN_NON_LITERAL_NULL_CONVERSION = YES;
				CLANG_WARN_OBJC_LITERAL_CONVERSION = YES;
				CLANG_WARN_OBJC_ROOT_CLASS = YES_ERROR;
				CLANG_WARN_RANGE_LOOP_ANALYSIS = YES;
				CLANG_WARN_STRICT_PROTOTYPES = YES;
				CLANG_WARN_SUSPICIOUS_MOVE = YES;
				CLANG_WARN_UNGUARDED_AVAILABILITY = YES_AGGRESSIVE;
				CLANG_WARN_UNREACHABLE_CODE = YES;
				CLANG_WARN__DUPLICATE_METHOD_MATCH = YES;
				CODE_SIGN_IDENTITY = "iPhone Developer";
				COPY_PHASE_STRIP = NO;
				DEBUG_INFORMATION_FORMAT = "dwarf-with-dsym";
				ENABLE_NS_ASSERTIONS = NO;
				ENABLE_STRICT_OBJC_MSGSEND = YES;
				GCC_C_LANGUAGE_STANDARD = gnu11;
				GCC_NO_COMMON_BLOCKS = YES;
				GCC_WARN_64_TO_32_BIT_CONVERSION = YES;
				GCC_WARN_ABOUT_RETURN_TYPE = YES_ERROR;
				GCC_WARN_UNDECLARED_SELECTOR = YES;
				GCC_WARN_UNINITIALIZED_AUTOS = YES_AGGRESSIVE;
				GCC_WARN_UNUSED_FUNCTION = YES;
				GCC_WARN_UNUSED_VARIABLE = YES;
				IPHONEOS_DEPLOYMENT_TARGET = 11.2;
				MTL_ENABLE_DEBUG_INFO = NO;
				SDKROOT = iphoneos;
				SWIFT_OPTIMIZATION_LEVEL = "-Owholemodule";
				VALIDATE_PRODUCT = YES;
			};
			name = Release;
		};
		58DC5925201BD18C00D2F6D7 /* Debug */ = {
			isa = XCBuildConfiguration;
			baseConfigurationReference = 93D7148BDF78A009E4E08F36 /* Pods-VSACiOS2.debug.xcconfig */;
			buildSettings = {
				ASSETCATALOG_COMPILER_APPICON_NAME = AppIcon;
				"CODE_SIGN_IDENTITY[sdk=iphoneos*]" = "iPhone Developer";
				CODE_SIGN_STYLE = Automatic;
				DEVELOPMENT_TEAM = UBF8T346G9;
				INFOPLIST_FILE = VSACiOS2/Info.plist;
				IPHONEOS_DEPLOYMENT_TARGET = 9.0;
				LD_RUNPATH_SEARCH_PATHS = "$(inherited) @executable_path/Frameworks";
				PRODUCT_BUNDLE_IDENTIFIER = com.microsoft.VSACiOS2;
				PRODUCT_NAME = "$(TARGET_NAME)";
				PROVISIONING_PROFILE_SPECIFIER = "";
				SWIFT_VERSION = 4.0;
				TARGETED_DEVICE_FAMILY = "1,2";
			};
			name = Debug;
		};
		58DC5926201BD18C00D2F6D7 /* Release */ = {
			isa = XCBuildConfiguration;
			baseConfigurationReference = 9C34E4CD199E0F7FF1047B42 /* Pods-VSACiOS2.release.xcconfig */;
			buildSettings = {
				ASSETCATALOG_COMPILER_APPICON_NAME = AppIcon;
				"CODE_SIGN_IDENTITY[sdk=iphoneos*]" = "iPhone Developer";
				CODE_SIGN_STYLE = Automatic;
				DEVELOPMENT_TEAM = UBF8T346G9;
				INFOPLIST_FILE = VSACiOS2/Info.plist;
				IPHONEOS_DEPLOYMENT_TARGET = 9.0;
				LD_RUNPATH_SEARCH_PATHS = "$(inherited) @executable_path/Frameworks";
				PRODUCT_BUNDLE_IDENTIFIER = com.microsoft.VSACiOS2;
				PRODUCT_NAME = "$(TARGET_NAME)";
				PROVISIONING_PROFILE_SPECIFIER = "";
				SWIFT_VERSION = 4.0;
				TARGETED_DEVICE_FAMILY = "1,2";
			};
			name = Release;
		};
		58DC5928201BD18C00D2F6D7 /* Debug */ = {
			isa = XCBuildConfiguration;
			baseConfigurationReference = 3C3DA658A45B112A0071DE5F /* Pods-VSACiOS2Tests.debug.xcconfig */;
			buildSettings = {
				ALWAYS_EMBED_SWIFT_STANDARD_LIBRARIES = YES;
				BUNDLE_LOADER = "$(TEST_HOST)";
				CODE_SIGN_STYLE = Automatic;
				INFOPLIST_FILE = VSACiOS2Tests/Info.plist;
				LD_RUNPATH_SEARCH_PATHS = "$(inherited) @executable_path/Frameworks @loader_path/Frameworks";
				PRODUCT_BUNDLE_IDENTIFIER = com.microsoft.VSACiOS2Tests;
				PRODUCT_NAME = "$(TARGET_NAME)";
				SWIFT_VERSION = 4.0;
				TARGETED_DEVICE_FAMILY = "1,2";
				TEST_HOST = "$(BUILT_PRODUCTS_DIR)/VSACiOS2.app/VSACiOS2";
			};
			name = Debug;
		};
		58DC5929201BD18C00D2F6D7 /* Release */ = {
			isa = XCBuildConfiguration;
			baseConfigurationReference = E4B8BED21F02264073E7E6A7 /* Pods-VSACiOS2Tests.release.xcconfig */;
			buildSettings = {
				ALWAYS_EMBED_SWIFT_STANDARD_LIBRARIES = YES;
				BUNDLE_LOADER = "$(TEST_HOST)";
				CODE_SIGN_STYLE = Automatic;
				INFOPLIST_FILE = VSACiOS2Tests/Info.plist;
				LD_RUNPATH_SEARCH_PATHS = "$(inherited) @executable_path/Frameworks @loader_path/Frameworks";
				PRODUCT_BUNDLE_IDENTIFIER = com.microsoft.VSACiOS2Tests;
				PRODUCT_NAME = "$(TARGET_NAME)";
				SWIFT_VERSION = 4.0;
				TARGETED_DEVICE_FAMILY = "1,2";
				TEST_HOST = "$(BUILT_PRODUCTS_DIR)/VSACiOS2.app/VSACiOS2";
			};
			name = Release;
		};
		58DC592B201BD18C00D2F6D7 /* Debug */ = {
			isa = XCBuildConfiguration;
			baseConfigurationReference = DC022AA0C5B0C387E95F5118 /* Pods-VSACiOS2UITests.debug.xcconfig */;
			buildSettings = {
				ALWAYS_EMBED_SWIFT_STANDARD_LIBRARIES = YES;
				CODE_SIGN_STYLE = Automatic;
				INFOPLIST_FILE = VSACiOS2UITests/Info.plist;
				LD_RUNPATH_SEARCH_PATHS = "$(inherited) @executable_path/Frameworks @loader_path/Frameworks";
				PRODUCT_BUNDLE_IDENTIFIER = com.microsoft.VSACiOS2UITests;
				PRODUCT_NAME = "$(TARGET_NAME)";
				SWIFT_VERSION = 4.0;
				TARGETED_DEVICE_FAMILY = "1,2";
				TEST_TARGET_NAME = VSACiOS2;
			};
			name = Debug;
		};
		58DC592C201BD18C00D2F6D7 /* Release */ = {
			isa = XCBuildConfiguration;
			baseConfigurationReference = FB8F84967BE28274FB29F0B2 /* Pods-VSACiOS2UITests.release.xcconfig */;
			buildSettings = {
				ALWAYS_EMBED_SWIFT_STANDARD_LIBRARIES = YES;
				CODE_SIGN_STYLE = Automatic;
				INFOPLIST_FILE = VSACiOS2UITests/Info.plist;
				LD_RUNPATH_SEARCH_PATHS = "$(inherited) @executable_path/Frameworks @loader_path/Frameworks";
				PRODUCT_BUNDLE_IDENTIFIER = com.microsoft.VSACiOS2UITests;
				PRODUCT_NAME = "$(TARGET_NAME)";
				SWIFT_VERSION = 4.0;
				TARGETED_DEVICE_FAMILY = "1,2";
				TEST_TARGET_NAME = VSACiOS2;
			};
			name = Release;
		};
/* End XCBuildConfiguration section */

/* Begin XCConfigurationList section */
		58DC58F7201BD18C00D2F6D7 /* Build configuration list for PBXProject "VSACiOS2" */ = {
			isa = XCConfigurationList;
			buildConfigurations = (
				58DC5922201BD18C00D2F6D7 /* Debug */,
				58DC5923201BD18C00D2F6D7 /* Release */,
			);
			defaultConfigurationIsVisible = 0;
			defaultConfigurationName = Release;
		};
		58DC5924201BD18C00D2F6D7 /* Build configuration list for PBXNativeTarget "VSACiOS2" */ = {
			isa = XCConfigurationList;
			buildConfigurations = (
				58DC5925201BD18C00D2F6D7 /* Debug */,
				58DC5926201BD18C00D2F6D7 /* Release */,
			);
			defaultConfigurationIsVisible = 0;
			defaultConfigurationName = Release;
		};
		58DC5927201BD18C00D2F6D7 /* Build configuration list for PBXNativeTarget "VSACiOS2Tests" */ = {
			isa = XCConfigurationList;
			buildConfigurations = (
				58DC5928201BD18C00D2F6D7 /* Debug */,
				58DC5929201BD18C00D2F6D7 /* Release */,
			);
			defaultConfigurationIsVisible = 0;
			defaultConfigurationName = Release;
		};
		58DC592A201BD18C00D2F6D7 /* Build configuration list for PBXNativeTarget "VSACiOS2UITests" */ = {
			isa = XCConfigurationList;
			buildConfigurations = (
				58DC592B201BD18C00D2F6D7 /* Debug */,
				58DC592C201BD18C00D2F6D7 /* Release */,
			);
			defaultConfigurationIsVisible = 0;
			defaultConfigurationName = Release;
		};
/* End XCConfigurationList section */
	};
	rootObject = 58DC58F4201BD18C00D2F6D7 /* Project object */;
}
